github.com/PhilLar/webshorten v0.0.0-20190830105303-9a48c6a2de55 h1:BrOcHH3nv+EjAvJn7R7yMsqSV0WZAo3eg4U5oXESsLo=
github.com/PhilLar/webshorten v0.0.0-20190830105303-9a48c6a2de55/go.mod h1:uGX2DvSiEqdC1xh31cXCmczIIjtjKbb/+5kcjK/BPkc=
github.com/PhilLar/webshorten v0.0.0-20190903123917-7fb60dc87638 h1:dhMmHwMnIxwiTVKdErxf47HUF7UYEMobiK9VeMaEZis=
github.com/PhilLar/webshorten v0.0.0-20190903123917-7fb60dc87638/go.mod h1:uGX2DvSiEqdC1xh31cXCmczIIjtjKbb/+5kcjK/BPkc=
